
Microsoft Visual Studio Solution File, Format Version 11.00
# Visual Studio 2010
Project("{FAE04EC0-301F-11D3-BF4B-00C04F79EFBC}") = "PuppetClient", "PuppetClient.csproj", "{8EC0682D-1905-480E-9DC0-35DCFC2F8729}"
EndProject
Global
	GlobalSection(SolutionConfigurationPlatforms) = preSolution
		Debug|Any CPU = Debug|Any CPU
		Release|Any CPU = Release|Any CPU
	EndGlobalSection
	GlobalSection(ProjectConfigurationPlatforms) = postSolution
		{8EC0682D-1905-480E-9DC0-35DCFC2F8729}.Debug|Any CPU.ActiveCfg = Debug|Any CPU
		{8EC0682D-1905-480E-9DC0-35DCFC2F8729}.Debug|Any CPU.Build.0 = Debug|Any CPU
		{8EC0682D-1905-480E-9DC0-35DCFC2F8729}.Release|Any CPU.ActiveCfg = Release|Any CPU
		{8EC0682D-1905-480E-9DC0-35DCFC2F8729}.Release|Any CPU.Build.0 = Release|Any CPU
	EndGlobalSection
	GlobalSection(SolutionProperties) = preSolution
		HideSolutionNode = FALSE
	EndGlobalSection
EndGlobal

